
Microsoft Visual Studio Solution File, Format Version 12.00
# Visual Studio 2013
VisualStudioVersion = 12.0.31101.0
MinimumVisualStudioVersion = 10.0.40219.1
Project("{FAE04EC0-301F-11D3-BF4B-00C04F79EFBC}") = "01. SchoolClasses", "SchoolClasses\01. SchoolClasses.csproj", "{46978E3B-BFA9-4F17-8935-AACD8C7722E1}"
EndProject
Project("{FAE04EC0-301F-11D3-BF4B-00C04F79EFBC}") = "02. StudentsAndWorkers", "StudentsAndWorkers\02. StudentsAndWorkers.csproj", "{6CFD4742-D6CB-4E69-9445-04468FF9E30E}"
EndProject
Project("{FAE04EC0-301F-11D3-BF4B-00C04F79EFBC}") = "03. AnimalHierarchy", "AnimalHierarchy\03. AnimalHierarchy.csproj", "{82A242CE-C620-482E-9F95-47EAAD651910}"
EndProject
Global
	GlobalSection(SolutionConfigurationPlatforms) = preSolution
		Debug|Any CPU = Debug|Any CPU
		Debug|ARM = Debug|ARM
		Debug|x64 = Debug|x64
		Debug|x86 = Debug|x86
		Release|Any CPU = Release|Any CPU
		Release|ARM = Release|ARM
		Release|x64 = Release|x64
		Release|x86 = Release|x86
	EndGlobalSection
	GlobalSection(ProjectConfigurationPlatforms) = postSolution
		{46978E3B-BFA9-4F17-8935-AACD8C7722E1}.Debug|Any CPU.ActiveCfg = Debug|Any CPU
		{46978E3B-BFA9-4F17-8935-AACD8C7722E1}.Debug|Any CPU.Build.0 = Debug|Any CPU
		{46978E3B-BFA9-4F17-8935-AACD8C7722E1}.Debug|ARM.ActiveCfg = Debug|Any CPU
		{46978E3B-BFA9-4F17-8935-AACD8C7722E1}.Debug|x64.ActiveCfg = Debug|Any CPU
		{46978E3B-BFA9-4F17-8935-AACD8C7722E1}.Debug|x86.ActiveCfg = Debug|Any CPU
		{46978E3B-BFA9-4F17-8935-AACD8C7722E1}.Release|Any CPU.ActiveCfg = Release|Any CPU
		{46978E3B-BFA9-4F17-8935-AACD8C7722E1}.Release|Any CPU.Build.0 = Release|Any CPU
		{46978E3B-BFA9-4F17-8935-AACD8C7722E1}.Release|ARM.ActiveCfg = Release|Any CPU
		{46978E3B-BFA9-4F17-8935-AACD8C7722E1}.Release|x64.ActiveCfg = Release|Any CPU
		{46978E3B-BFA9-4F17-8935-AACD8C7722E1}.Release|x86.ActiveCfg = Release|Any CPU
		{6CFD4742-D6CB-4E69-9445-04468FF9E30E}.Debug|Any CPU.ActiveCfg = Debug|Any CPU
		{6CFD4742-D6CB-4E69-9445-04468FF9E30E}.Debug|Any CPU.Build.0 = Debug|Any CPU
		{6CFD4742-D6CB-4E69-9445-04468FF9E30E}.Debug|ARM.ActiveCfg = Debug|Any CPU
		{6CFD4742-D6CB-4E69-9445-04468FF9E30E}.Debug|x64.ActiveCfg = Debug|Any CPU
		{6CFD4742-D6CB-4E69-9445-04468FF9E30E}.Debug|x86.ActiveCfg = Debug|Any CPU
		{6CFD4742-D6CB-4E69-9445-04468FF9E30E}.Release|Any CPU.ActiveCfg = Release|Any CPU
		{6CFD4742-D6CB-4E69-9445-04468FF9E30E}.Release|Any CPU.Build.0 = Release|Any CPU
		{6CFD4742-D6CB-4E69-9445-04468FF9E30E}.Release|ARM.ActiveCfg = Release|Any CPU
		{6CFD4742-D6CB-4E69-9445-04468FF9E30E}.Release|x64.ActiveCfg = Release|Any CPU
		{6CFD4742-D6CB-4E69-9445-04468FF9E30E}.Release|x86.ActiveCfg = Release|Any CPU
		{82A242CE-C620-482E-9F95-47EAAD651910}.Debug|Any CPU.ActiveCfg = Debug|Any CPU
		{82A242CE-C620-482E-9F95-47EAAD651910}.Debug|Any CPU.Build.0 = Debug|Any CPU
		{82A242CE-C620-482E-9F95-47EAAD651910}.Debug|ARM.ActiveCfg = Debug|Any CPU
		{82A242CE-C620-482E-9F95-47EAAD651910}.Debug|x64.ActiveCfg = Debug|Any CPU
		{82A242CE-C620-482E-9F95-47EAAD651910}.Debug|x86.ActiveCfg = Debug|Any CPU
		{82A242CE-C620-482E-9F95-47EAAD651910}.Release|Any CPU.ActiveCfg = Release|Any CPU
		{82A242CE-C620-482E-9F95-47EAAD651910}.Release|Any CPU.Build.0 = Release|Any CPU
		{82A242CE-C620-482E-9F95-47EAAD651910}.Release|ARM.ActiveCfg = Release|Any CPU
		{82A242CE-C620-482E-9F95-47EAAD651910}.Release|x64.ActiveCfg = Release|Any CPU
		{82A242CE-C620-482E-9F95-47EAAD651910}.Release|x86.ActiveCfg = Release|Any CPU
	EndGlobalSection
	GlobalSection(SolutionProperties) = preSolution
		HideSolutionNode = FALSE
	EndGlobalSection
EndGlobal
