
Microsoft Visual Studio Solution File, Format Version 12.00
# Visual Studio 2013
VisualStudioVersion = 12.0.31101.0
MinimumVisualStudioVersion = 10.0.40219.1
Project("{FAE04EC0-301F-11D3-BF4B-00C04F79EFBC}") = "01-02. Extentions", "Extentions\01-02. Extentions.csproj", "{E081F6CA-F330-4E5D-A468-0A6D34846978}"
EndProject
Project("{FAE04EC0-301F-11D3-BF4B-00C04F79EFBC}") = "03. FirstBeforeLast", "FirstBeforeLast\03. FirstBeforeLast.csproj", "{2C2C3B7B-7397-418F-8EA9-26FEFE8FA43D}"
EndProject
Project("{FAE04EC0-301F-11D3-BF4B-00C04F79EFBC}") = "StudentClass", "StudentClass\StudentClass.csproj", "{A33FB99F-0A92-4F0C-AB13-1436FC823172}"
EndProject
Project("{FAE04EC0-301F-11D3-BF4B-00C04F79EFBC}") = "04. AgeRange", "AgeRange\04. AgeRange.csproj", "{49B11431-F41E-4493-B1DA-E8EF3048EED1}"
EndProject
Project("{FAE04EC0-301F-11D3-BF4B-00C04F79EFBC}") = "05. OrderStudents", "OrderStudents\05. OrderStudents.csproj", "{9024173F-D2E8-45E3-B1F8-EB139D6A72A0}"
EndProject
Project("{FAE04EC0-301F-11D3-BF4B-00C04F79EFBC}") = "06. DivisibleBy7And3", "DivisibleBy7And3\06. DivisibleBy7And3.csproj", "{E9695656-2705-408F-952D-7AA387B33255}"
EndProject
Project("{FAE04EC0-301F-11D3-BF4B-00C04F79EFBC}") = "07.Timer", "Timer\07.Timer.csproj", "{B4F1B94E-1E12-46F1-B99C-578D5A5223D8}"
EndProject
Project("{FAE04EC0-301F-11D3-BF4B-00C04F79EFBC}") = "09.-16, 18, 19. StudentTests", "StudentTests\09.-16, 18, 19. StudentTests.csproj", "{FFAFCDB5-401B-4BE3-AE21-A15C996B1A15}"
EndProject
Project("{FAE04EC0-301F-11D3-BF4B-00C04F79EFBC}") = "17. LongestString", "LongestString\17. LongestString.csproj", "{A9EE8FEB-CE89-4A6C-B031-A2BBB493FD0F}"
EndProject
Global
	GlobalSection(SolutionConfigurationPlatforms) = preSolution
		Debug|Any CPU = Debug|Any CPU
		Release|Any CPU = Release|Any CPU
	EndGlobalSection
	GlobalSection(ProjectConfigurationPlatforms) = postSolution
		{E081F6CA-F330-4E5D-A468-0A6D34846978}.Debug|Any CPU.ActiveCfg = Debug|Any CPU
		{E081F6CA-F330-4E5D-A468-0A6D34846978}.Debug|Any CPU.Build.0 = Debug|Any CPU
		{E081F6CA-F330-4E5D-A468-0A6D34846978}.Release|Any CPU.ActiveCfg = Release|Any CPU
		{E081F6CA-F330-4E5D-A468-0A6D34846978}.Release|Any CPU.Build.0 = Release|Any CPU
		{2C2C3B7B-7397-418F-8EA9-26FEFE8FA43D}.Debug|Any CPU.ActiveCfg = Debug|Any CPU
		{2C2C3B7B-7397-418F-8EA9-26FEFE8FA43D}.Debug|Any CPU.Build.0 = Debug|Any CPU
		{2C2C3B7B-7397-418F-8EA9-26FEFE8FA43D}.Release|Any CPU.ActiveCfg = Release|Any CPU
		{2C2C3B7B-7397-418F-8EA9-26FEFE8FA43D}.Release|Any CPU.Build.0 = Release|Any CPU
		{A33FB99F-0A92-4F0C-AB13-1436FC823172}.Debug|Any CPU.ActiveCfg = Debug|Any CPU
		{A33FB99F-0A92-4F0C-AB13-1436FC823172}.Debug|Any CPU.Build.0 = Debug|Any CPU
		{A33FB99F-0A92-4F0C-AB13-1436FC823172}.Release|Any CPU.ActiveCfg = Release|Any CPU
		{A33FB99F-0A92-4F0C-AB13-1436FC823172}.Release|Any CPU.Build.0 = Release|Any CPU
		{49B11431-F41E-4493-B1DA-E8EF3048EED1}.Debug|Any CPU.ActiveCfg = Debug|Any CPU
		{49B11431-F41E-4493-B1DA-E8EF3048EED1}.Debug|Any CPU.Build.0 = Debug|Any CPU
		{49B11431-F41E-4493-B1DA-E8EF3048EED1}.Release|Any CPU.ActiveCfg = Release|Any CPU
		{49B11431-F41E-4493-B1DA-E8EF3048EED1}.Release|Any CPU.Build.0 = Release|Any CPU
		{9024173F-D2E8-45E3-B1F8-EB139D6A72A0}.Debug|Any CPU.ActiveCfg = Debug|Any CPU
		{9024173F-D2E8-45E3-B1F8-EB139D6A72A0}.Debug|Any CPU.Build.0 = Debug|Any CPU
		{9024173F-D2E8-45E3-B1F8-EB139D6A72A0}.Release|Any CPU.ActiveCfg = Release|Any CPU
		{9024173F-D2E8-45E3-B1F8-EB139D6A72A0}.Release|Any CPU.Build.0 = Release|Any CPU
		{E9695656-2705-408F-952D-7AA387B33255}.Debug|Any CPU.ActiveCfg = Debug|Any CPU
		{E9695656-2705-408F-952D-7AA387B33255}.Debug|Any CPU.Build.0 = Debug|Any CPU
		{E9695656-2705-408F-952D-7AA387B33255}.Release|Any CPU.ActiveCfg = Release|Any CPU
		{E9695656-2705-408F-952D-7AA387B33255}.Release|Any CPU.Build.0 = Release|Any CPU
		{B4F1B94E-1E12-46F1-B99C-578D5A5223D8}.Debug|Any CPU.ActiveCfg = Debug|Any CPU
		{B4F1B94E-1E12-46F1-B99C-578D5A5223D8}.Debug|Any CPU.Build.0 = Debug|Any CPU
		{B4F1B94E-1E12-46F1-B99C-578D5A5223D8}.Release|Any CPU.ActiveCfg = Release|Any CPU
		{B4F1B94E-1E12-46F1-B99C-578D5A5223D8}.Release|Any CPU.Build.0 = Release|Any CPU
		{FFAFCDB5-401B-4BE3-AE21-A15C996B1A15}.Debug|Any CPU.ActiveCfg = Debug|Any CPU
		{FFAFCDB5-401B-4BE3-AE21-A15C996B1A15}.Debug|Any CPU.Build.0 = Debug|Any CPU
		{FFAFCDB5-401B-4BE3-AE21-A15C996B1A15}.Release|Any CPU.ActiveCfg = Release|Any CPU
		{FFAFCDB5-401B-4BE3-AE21-A15C996B1A15}.Release|Any CPU.Build.0 = Release|Any CPU
		{A9EE8FEB-CE89-4A6C-B031-A2BBB493FD0F}.Debug|Any CPU.ActiveCfg = Debug|Any CPU
		{A9EE8FEB-CE89-4A6C-B031-A2BBB493FD0F}.Debug|Any CPU.Build.0 = Debug|Any CPU
		{A9EE8FEB-CE89-4A6C-B031-A2BBB493FD0F}.Release|Any CPU.ActiveCfg = Release|Any CPU
		{A9EE8FEB-CE89-4A6C-B031-A2BBB493FD0F}.Release|Any CPU.Build.0 = Release|Any CPU
	EndGlobalSection
	GlobalSection(SolutionProperties) = preSolution
		HideSolutionNode = FALSE
	EndGlobalSection
EndGlobal
